
Microsoft Visual Studio Solution File, Format Version 12.00
# Visual Studio Version 16
VisualStudioVersion = 16.0.29613.14
MinimumVisualStudioVersion = 10.0.40219.1
Project("{9A19103F-16F7-4668-BE54-9A1E7A4F7556}") = "MonoKle", "MonoKle\MonoKle.csproj", "{9639C5E0-58D8-40DE-BB35-2912D2D3E82F}"
EndProject
Project("{9A19103F-16F7-4668-BE54-9A1E7A4F7556}") = "MonoKle.Engine", "MonoKle.Engine\MonoKle.Engine.csproj", "{4FCD63A6-4B48-4610-B697-F968DECF8093}"
EndProject
Project("{9A19103F-16F7-4668-BE54-9A1E7A4F7556}") = "MonoKle.Utilities", "MonoKle.Utilities\MonoKle.Utilities.csproj", "{FF4079F5-007B-485E-9680-4443167643F5}"
EndProject
Project("{9A19103F-16F7-4668-BE54-9A1E7A4F7556}") = "MonoKle.FontOven", "MonoKle.FontOven\MonoKle.FontOven.csproj", "{379A3E1B-9808-445A-98B0-63F7DA826BD7}"
EndProject
Project("{9A19103F-16F7-4668-BE54-9A1E7A4F7556}") = "MonoKle.Tests", "MonoKle.Tests\MonoKle.Tests.csproj", "{21A47B86-4BE0-44B0-A3EE-A22AC7492D70}"
EndProject
Project("{FAE04EC0-301F-11D3-BF4B-00C04F79EFBC}") = "Demo.Android", "Demo.Android\Demo.Android.csproj", "{410C0262-131C-4D0E-910D-D01B4F7143E0}"
EndProject
Project("{2150E333-8FDC-42A3-9474-1A3956D46DE8}") = "Demo", "Demo", "{8F884F18-B6AF-480B-B08A-F84ED17AC7BD}"
EndProject
Project("{9A19103F-16F7-4668-BE54-9A1E7A4F7556}") = "Demo.Windows", "Demo.Windows\Demo.Windows.csproj", "{0BED01D2-D8C8-439D-9EB4-D238FC51B978}"
EndProject
Project("{9A19103F-16F7-4668-BE54-9A1E7A4F7556}") = "Demo.Domain", "Demo.Domain\Demo.Domain.csproj", "{6844944F-BFE6-481A-B309-9D145260CA11}"
EndProject
Project("{FAE04EC0-301F-11D3-BF4B-00C04F79EFBC}") = "MonoKle.Engine.Android", "MonoKle.Engine.Android\MonoKle.Engine.Android.csproj", "{10A57800-561B-4BD0-B326-ED6778463D89}"
EndProject
Project("{2150E333-8FDC-42A3-9474-1A3956D46DE8}") = "DevUtils", "DevUtils", "{52F7830E-2293-4FC2-8E01-43C6E941639C}"
EndProject
Project("{9A19103F-16F7-4668-BE54-9A1E7A4F7556}") = "SettingsLister", "SettingsLister\SettingsLister.csproj", "{3DFA9187-4180-4EFF-9936-F5EC662D3CF8}"
EndProject
Project("{2150E333-8FDC-42A3-9474-1A3956D46DE8}") = "Solution Items", "Solution Items", "{65655C7D-4F99-4348-A02C-B9D00FB46D22}"
	ProjectSection(SolutionItems) = preProject
		.editorconfig = .editorconfig
	EndProjectSection
EndProject
Global
	GlobalSection(SolutionConfigurationPlatforms) = preSolution
		Debug|Any CPU = Debug|Any CPU
		Debug|Mixed Platforms = Debug|Mixed Platforms
		Debug|x86 = Debug|x86
		Release|Any CPU = Release|Any CPU
		Release|Mixed Platforms = Release|Mixed Platforms
		Release|x86 = Release|x86
	EndGlobalSection
	GlobalSection(ProjectConfigurationPlatforms) = postSolution
		{9639C5E0-58D8-40DE-BB35-2912D2D3E82F}.Debug|Any CPU.ActiveCfg = Debug|Any CPU
		{9639C5E0-58D8-40DE-BB35-2912D2D3E82F}.Debug|Any CPU.Build.0 = Debug|Any CPU
		{9639C5E0-58D8-40DE-BB35-2912D2D3E82F}.Debug|Mixed Platforms.ActiveCfg = Debug|Any CPU
		{9639C5E0-58D8-40DE-BB35-2912D2D3E82F}.Debug|Mixed Platforms.Build.0 = Debug|Any CPU
		{9639C5E0-58D8-40DE-BB35-2912D2D3E82F}.Debug|x86.ActiveCfg = Debug|Any CPU
		{9639C5E0-58D8-40DE-BB35-2912D2D3E82F}.Debug|x86.Build.0 = Debug|Any CPU
		{9639C5E0-58D8-40DE-BB35-2912D2D3E82F}.Release|Any CPU.ActiveCfg = Release|Any CPU
		{9639C5E0-58D8-40DE-BB35-2912D2D3E82F}.Release|Any CPU.Build.0 = Release|Any CPU
		{9639C5E0-58D8-40DE-BB35-2912D2D3E82F}.Release|Mixed Platforms.ActiveCfg = Release|Any CPU
		{9639C5E0-58D8-40DE-BB35-2912D2D3E82F}.Release|Mixed Platforms.Build.0 = Release|Any CPU
		{9639C5E0-58D8-40DE-BB35-2912D2D3E82F}.Release|x86.ActiveCfg = Release|Any CPU
		{9639C5E0-58D8-40DE-BB35-2912D2D3E82F}.Release|x86.Build.0 = Release|Any CPU
		{4FCD63A6-4B48-4610-B697-F968DECF8093}.Debug|Any CPU.ActiveCfg = Debug|Any CPU
		{4FCD63A6-4B48-4610-B697-F968DECF8093}.Debug|Any CPU.Build.0 = Debug|Any CPU
		{4FCD63A6-4B48-4610-B697-F968DECF8093}.Debug|Mixed Platforms.ActiveCfg = Debug|Any CPU
		{4FCD63A6-4B48-4610-B697-F968DECF8093}.Debug|Mixed Platforms.Build.0 = Debug|Any CPU
		{4FCD63A6-4B48-4610-B697-F968DECF8093}.Debug|x86.ActiveCfg = Debug|Any CPU
		{4FCD63A6-4B48-4610-B697-F968DECF8093}.Debug|x86.Build.0 = Debug|Any CPU
		{4FCD63A6-4B48-4610-B697-F968DECF8093}.Release|Any CPU.ActiveCfg = Release|Any CPU
		{4FCD63A6-4B48-4610-B697-F968DECF8093}.Release|Any CPU.Build.0 = Release|Any CPU
		{4FCD63A6-4B48-4610-B697-F968DECF8093}.Release|Mixed Platforms.ActiveCfg = Release|Any CPU
		{4FCD63A6-4B48-4610-B697-F968DECF8093}.Release|Mixed Platforms.Build.0 = Release|Any CPU
		{4FCD63A6-4B48-4610-B697-F968DECF8093}.Release|x86.ActiveCfg = Release|Any CPU
		{4FCD63A6-4B48-4610-B697-F968DECF8093}.Release|x86.Build.0 = Release|Any CPU
		{FF4079F5-007B-485E-9680-4443167643F5}.Debug|Any CPU.ActiveCfg = Debug|Any CPU
		{FF4079F5-007B-485E-9680-4443167643F5}.Debug|Any CPU.Build.0 = Debug|Any CPU
		{FF4079F5-007B-485E-9680-4443167643F5}.Debug|Mixed Platforms.ActiveCfg = Debug|Any CPU
		{FF4079F5-007B-485E-9680-4443167643F5}.Debug|Mixed Platforms.Build.0 = Debug|Any CPU
		{FF4079F5-007B-485E-9680-4443167643F5}.Debug|x86.ActiveCfg = Debug|Any CPU
		{FF4079F5-007B-485E-9680-4443167643F5}.Debug|x86.Build.0 = Debug|Any CPU
		{FF4079F5-007B-485E-9680-4443167643F5}.Release|Any CPU.ActiveCfg = Release|Any CPU
		{FF4079F5-007B-485E-9680-4443167643F5}.Release|Any CPU.Build.0 = Release|Any CPU
		{FF4079F5-007B-485E-9680-4443167643F5}.Release|Mixed Platforms.ActiveCfg = Release|Any CPU
		{FF4079F5-007B-485E-9680-4443167643F5}.Release|Mixed Platforms.Build.0 = Release|Any CPU
		{FF4079F5-007B-485E-9680-4443167643F5}.Release|x86.ActiveCfg = Release|Any CPU
		{FF4079F5-007B-485E-9680-4443167643F5}.Release|x86.Build.0 = Release|Any CPU
		{379A3E1B-9808-445A-98B0-63F7DA826BD7}.Debug|Any CPU.ActiveCfg = Debug|Any CPU
		{379A3E1B-9808-445A-98B0-63F7DA826BD7}.Debug|Any CPU.Build.0 = Debug|Any CPU
		{379A3E1B-9808-445A-98B0-63F7DA826BD7}.Debug|Mixed Platforms.ActiveCfg = Debug|Any CPU
		{379A3E1B-9808-445A-98B0-63F7DA826BD7}.Debug|Mixed Platforms.Build.0 = Debug|Any CPU
		{379A3E1B-9808-445A-98B0-63F7DA826BD7}.Debug|x86.ActiveCfg = Debug|Any CPU
		{379A3E1B-9808-445A-98B0-63F7DA826BD7}.Debug|x86.Build.0 = Debug|Any CPU
		{379A3E1B-9808-445A-98B0-63F7DA826BD7}.Release|Any CPU.ActiveCfg = Release|Any CPU
		{379A3E1B-9808-445A-98B0-63F7DA826BD7}.Release|Any CPU.Build.0 = Release|Any CPU
		{379A3E1B-9808-445A-98B0-63F7DA826BD7}.Release|Mixed Platforms.ActiveCfg = Release|Any CPU
		{379A3E1B-9808-445A-98B0-63F7DA826BD7}.Release|Mixed Platforms.Build.0 = Release|Any CPU
		{379A3E1B-9808-445A-98B0-63F7DA826BD7}.Release|x86.ActiveCfg = Release|Any CPU
		{379A3E1B-9808-445A-98B0-63F7DA826BD7}.Release|x86.Build.0 = Release|Any CPU
		{21A47B86-4BE0-44B0-A3EE-A22AC7492D70}.Debug|Any CPU.ActiveCfg = Debug|Any CPU
		{21A47B86-4BE0-44B0-A3EE-A22AC7492D70}.Debug|Any CPU.Build.0 = Debug|Any CPU
		{21A47B86-4BE0-44B0-A3EE-A22AC7492D70}.Debug|Mixed Platforms.ActiveCfg = Debug|Any CPU
		{21A47B86-4BE0-44B0-A3EE-A22AC7492D70}.Debug|Mixed Platforms.Build.0 = Debug|Any CPU
		{21A47B86-4BE0-44B0-A3EE-A22AC7492D70}.Debug|x86.ActiveCfg = Debug|Any CPU
		{21A47B86-4BE0-44B0-A3EE-A22AC7492D70}.Debug|x86.Build.0 = Debug|Any CPU
		{21A47B86-4BE0-44B0-A3EE-A22AC7492D70}.Release|Any CPU.ActiveCfg = Release|Any CPU
		{21A47B86-4BE0-44B0-A3EE-A22AC7492D70}.Release|Any CPU.Build.0 = Release|Any CPU
		{21A47B86-4BE0-44B0-A3EE-A22AC7492D70}.Release|Mixed Platforms.ActiveCfg = Release|Any CPU
		{21A47B86-4BE0-44B0-A3EE-A22AC7492D70}.Release|Mixed Platforms.Build.0 = Release|Any CPU
		{21A47B86-4BE0-44B0-A3EE-A22AC7492D70}.Release|x86.ActiveCfg = Release|Any CPU
		{21A47B86-4BE0-44B0-A3EE-A22AC7492D70}.Release|x86.Build.0 = Release|Any CPU
		{410C0262-131C-4D0E-910D-D01B4F7143E0}.Debug|Any CPU.ActiveCfg = Debug|Any CPU
		{410C0262-131C-4D0E-910D-D01B4F7143E0}.Debug|Any CPU.Build.0 = Debug|Any CPU
		{410C0262-131C-4D0E-910D-D01B4F7143E0}.Debug|Any CPU.Deploy.0 = Debug|Any CPU
		{410C0262-131C-4D0E-910D-D01B4F7143E0}.Debug|Mixed Platforms.ActiveCfg = Debug|Any CPU
		{410C0262-131C-4D0E-910D-D01B4F7143E0}.Debug|Mixed Platforms.Build.0 = Debug|Any CPU
		{410C0262-131C-4D0E-910D-D01B4F7143E0}.Debug|Mixed Platforms.Deploy.0 = Debug|Any CPU
		{410C0262-131C-4D0E-910D-D01B4F7143E0}.Debug|x86.ActiveCfg = Debug|Any CPU
		{410C0262-131C-4D0E-910D-D01B4F7143E0}.Debug|x86.Build.0 = Debug|Any CPU
		{410C0262-131C-4D0E-910D-D01B4F7143E0}.Debug|x86.Deploy.0 = Debug|Any CPU
		{410C0262-131C-4D0E-910D-D01B4F7143E0}.Release|Any CPU.ActiveCfg = Release|Any CPU
		{410C0262-131C-4D0E-910D-D01B4F7143E0}.Release|Any CPU.Build.0 = Release|Any CPU
		{410C0262-131C-4D0E-910D-D01B4F7143E0}.Release|Any CPU.Deploy.0 = Release|Any CPU
		{410C0262-131C-4D0E-910D-D01B4F7143E0}.Release|Mixed Platforms.ActiveCfg = Release|Any CPU
		{410C0262-131C-4D0E-910D-D01B4F7143E0}.Release|Mixed Platforms.Build.0 = Release|Any CPU
		{410C0262-131C-4D0E-910D-D01B4F7143E0}.Release|Mixed Platforms.Deploy.0 = Release|Any CPU
		{410C0262-131C-4D0E-910D-D01B4F7143E0}.Release|x86.ActiveCfg = Release|Any CPU
		{410C0262-131C-4D0E-910D-D01B4F7143E0}.Release|x86.Build.0 = Release|Any CPU
		{410C0262-131C-4D0E-910D-D01B4F7143E0}.Release|x86.Deploy.0 = Release|Any CPU
		{0BED01D2-D8C8-439D-9EB4-D238FC51B978}.Debug|Any CPU.ActiveCfg = Debug|Any CPU
		{0BED01D2-D8C8-439D-9EB4-D238FC51B978}.Debug|Any CPU.Build.0 = Debug|Any CPU
		{0BED01D2-D8C8-439D-9EB4-D238FC51B978}.Debug|Mixed Platforms.ActiveCfg = Debug|Any CPU
		{0BED01D2-D8C8-439D-9EB4-D238FC51B978}.Debug|Mixed Platforms.Build.0 = Debug|Any CPU
		{0BED01D2-D8C8-439D-9EB4-D238FC51B978}.Debug|x86.ActiveCfg = Debug|Any CPU
		{0BED01D2-D8C8-439D-9EB4-D238FC51B978}.Debug|x86.Build.0 = Debug|Any CPU
		{0BED01D2-D8C8-439D-9EB4-D238FC51B978}.Release|Any CPU.ActiveCfg = Release|Any CPU
		{0BED01D2-D8C8-439D-9EB4-D238FC51B978}.Release|Any CPU.Build.0 = Release|Any CPU
		{0BED01D2-D8C8-439D-9EB4-D238FC51B978}.Release|Mixed Platforms.ActiveCfg = Release|Any CPU
		{0BED01D2-D8C8-439D-9EB4-D238FC51B978}.Release|Mixed Platforms.Build.0 = Release|Any CPU
		{0BED01D2-D8C8-439D-9EB4-D238FC51B978}.Release|x86.ActiveCfg = Release|Any CPU
		{0BED01D2-D8C8-439D-9EB4-D238FC51B978}.Release|x86.Build.0 = Release|Any CPU
		{6844944F-BFE6-481A-B309-9D145260CA11}.Debug|Any CPU.ActiveCfg = Debug|Any CPU
		{6844944F-BFE6-481A-B309-9D145260CA11}.Debug|Any CPU.Build.0 = Debug|Any CPU
		{6844944F-BFE6-481A-B309-9D145260CA11}.Debug|Mixed Platforms.ActiveCfg = Debug|Any CPU
		{6844944F-BFE6-481A-B309-9D145260CA11}.Debug|Mixed Platforms.Build.0 = Debug|Any CPU
		{6844944F-BFE6-481A-B309-9D145260CA11}.Debug|x86.ActiveCfg = Debug|Any CPU
		{6844944F-BFE6-481A-B309-9D145260CA11}.Debug|x86.Build.0 = Debug|Any CPU
		{6844944F-BFE6-481A-B309-9D145260CA11}.Release|Any CPU.ActiveCfg = Release|Any CPU
		{6844944F-BFE6-481A-B309-9D145260CA11}.Release|Any CPU.Build.0 = Release|Any CPU
		{6844944F-BFE6-481A-B309-9D145260CA11}.Release|Mixed Platforms.ActiveCfg = Release|Any CPU
		{6844944F-BFE6-481A-B309-9D145260CA11}.Release|Mixed Platforms.Build.0 = Release|Any CPU
		{6844944F-BFE6-481A-B309-9D145260CA11}.Release|x86.ActiveCfg = Release|Any CPU
		{6844944F-BFE6-481A-B309-9D145260CA11}.Release|x86.Build.0 = Release|Any CPU
		{10A57800-561B-4BD0-B326-ED6778463D89}.Debug|Any CPU.ActiveCfg = Debug|Any CPU
		{10A57800-561B-4BD0-B326-ED6778463D89}.Debug|Any CPU.Build.0 = Debug|Any CPU
		{10A57800-561B-4BD0-B326-ED6778463D89}.Debug|Mixed Platforms.ActiveCfg = Debug|Any CPU
		{10A57800-561B-4BD0-B326-ED6778463D89}.Debug|Mixed Platforms.Build.0 = Debug|Any CPU
		{10A57800-561B-4BD0-B326-ED6778463D89}.Debug|x86.ActiveCfg = Debug|Any CPU
		{10A57800-561B-4BD0-B326-ED6778463D89}.Debug|x86.Build.0 = Debug|Any CPU
		{10A57800-561B-4BD0-B326-ED6778463D89}.Release|Any CPU.ActiveCfg = Release|Any CPU
		{10A57800-561B-4BD0-B326-ED6778463D89}.Release|Any CPU.Build.0 = Release|Any CPU
		{10A57800-561B-4BD0-B326-ED6778463D89}.Release|Mixed Platforms.ActiveCfg = Release|Any CPU
		{10A57800-561B-4BD0-B326-ED6778463D89}.Release|Mixed Platforms.Build.0 = Release|Any CPU
		{10A57800-561B-4BD0-B326-ED6778463D89}.Release|x86.ActiveCfg = Release|Any CPU
		{10A57800-561B-4BD0-B326-ED6778463D89}.Release|x86.Build.0 = Release|Any CPU
		{3DFA9187-4180-4EFF-9936-F5EC662D3CF8}.Debug|Any CPU.ActiveCfg = Debug|Any CPU
		{3DFA9187-4180-4EFF-9936-F5EC662D3CF8}.Debug|Any CPU.Build.0 = Debug|Any CPU
		{3DFA9187-4180-4EFF-9936-F5EC662D3CF8}.Debug|Mixed Platforms.ActiveCfg = Debug|Any CPU
		{3DFA9187-4180-4EFF-9936-F5EC662D3CF8}.Debug|Mixed Platforms.Build.0 = Debug|Any CPU
		{3DFA9187-4180-4EFF-9936-F5EC662D3CF8}.Debug|x86.ActiveCfg = Debug|Any CPU
		{3DFA9187-4180-4EFF-9936-F5EC662D3CF8}.Debug|x86.Build.0 = Debug|Any CPU
		{3DFA9187-4180-4EFF-9936-F5EC662D3CF8}.Release|Any CPU.ActiveCfg = Release|Any CPU
		{3DFA9187-4180-4EFF-9936-F5EC662D3CF8}.Release|Any CPU.Build.0 = Release|Any CPU
		{3DFA9187-4180-4EFF-9936-F5EC662D3CF8}.Release|Mixed Platforms.ActiveCfg = Release|Any CPU
		{3DFA9187-4180-4EFF-9936-F5EC662D3CF8}.Release|Mixed Platforms.Build.0 = Release|Any CPU
		{3DFA9187-4180-4EFF-9936-F5EC662D3CF8}.Release|x86.ActiveCfg = Release|Any CPU
		{3DFA9187-4180-4EFF-9936-F5EC662D3CF8}.Release|x86.Build.0 = Release|Any CPU
	EndGlobalSection
	GlobalSection(SolutionProperties) = preSolution
		HideSolutionNode = FALSE
	EndGlobalSection
	GlobalSection(NestedProjects) = preSolution
		{410C0262-131C-4D0E-910D-D01B4F7143E0} = {8F884F18-B6AF-480B-B08A-F84ED17AC7BD}
		{0BED01D2-D8C8-439D-9EB4-D238FC51B978} = {8F884F18-B6AF-480B-B08A-F84ED17AC7BD}
		{6844944F-BFE6-481A-B309-9D145260CA11} = {8F884F18-B6AF-480B-B08A-F84ED17AC7BD}
		{3DFA9187-4180-4EFF-9936-F5EC662D3CF8} = {52F7830E-2293-4FC2-8E01-43C6E941639C}
	EndGlobalSection
	GlobalSection(ExtensibilityGlobals) = postSolution
		SolutionGuid = {BB9B36AF-43C4-4AB1-976D-876509520F49}
	EndGlobalSection
EndGlobal
