
Microsoft Visual Studio Solution File, Format Version 12.00
# Visual Studio Version 17
VisualStudioVersion = 17.1.32421.90
MinimumVisualStudioVersion = 10.0.40219.1
Project("{9A19103F-16F7-4668-BE54-9A1E7A4F7556}") = "MonoKle.FontOven", "MonoKle.FontOven\MonoKle.FontOven.csproj", "{379A3E1B-9808-445A-98B0-63F7DA826BD7}"
EndProject
Project("{9A19103F-16F7-4668-BE54-9A1E7A4F7556}") = "MonoKle.Tests", "MonoKle.Tests\MonoKle.Tests.csproj", "{21A47B86-4BE0-44B0-A3EE-A22AC7492D70}"
EndProject
Project("{2150E333-8FDC-42A3-9474-1A3956D46DE8}") = "Demo", "Demo", "{8F884F18-B6AF-480B-B08A-F84ED17AC7BD}"
EndProject
Project("{9A19103F-16F7-4668-BE54-9A1E7A4F7556}") = "Demo.Windows", "Demo.Windows\Demo.Windows.csproj", "{0BED01D2-D8C8-439D-9EB4-D238FC51B978}"
EndProject
Project("{2150E333-8FDC-42A3-9474-1A3956D46DE8}") = "DevUtils", "DevUtils", "{52F7830E-2293-4FC2-8E01-43C6E941639C}"
EndProject
Project("{9A19103F-16F7-4668-BE54-9A1E7A4F7556}") = "SettingsLister", "SettingsLister\SettingsLister.csproj", "{3DFA9187-4180-4EFF-9936-F5EC662D3CF8}"
EndProject
Project("{2150E333-8FDC-42A3-9474-1A3956D46DE8}") = "Solution Items", "Solution Items", "{65655C7D-4F99-4348-A02C-B9D00FB46D22}"
	ProjectSection(SolutionItems) = preProject
		.editorconfig = .editorconfig
	EndProjectSection
EndProject
Project("{9A19103F-16F7-4668-BE54-9A1E7A4F7556}") = "MonoKle", "MonoKle\MonoKle.csproj", "{6F706DDC-3EC2-4776-B47F-DA1625DA7993}"
EndProject
Project("{9A19103F-16F7-4668-BE54-9A1E7A4F7556}") = "MonoKle.Engine", "MonoKle.Engine\MonoKle.Engine.csproj", "{3B90BBED-A921-4B70-AB4D-C5C898C75C03}"
EndProject
Project("{9A19103F-16F7-4668-BE54-9A1E7A4F7556}") = "Demo.Domain", "Demo.Domain\Demo.Domain.csproj", "{24FF969A-8646-4529-9196-8B6B310B37E7}"
EndProject
Project("{9A19103F-16F7-4668-BE54-9A1E7A4F7556}") = "Benchmark", "Benchmark\Benchmark.csproj", "{5061DF99-48E9-42A2-8F6F-F4ECAD43C22B}"
EndProject
Global
	GlobalSection(SolutionConfigurationPlatforms) = preSolution
		Debug|Any CPU = Debug|Any CPU
		Debug|Mixed Platforms = Debug|Mixed Platforms
		Debug|x86 = Debug|x86
		Release|Any CPU = Release|Any CPU
		Release|Mixed Platforms = Release|Mixed Platforms
		Release|x86 = Release|x86
	EndGlobalSection
	GlobalSection(ProjectConfigurationPlatforms) = postSolution
		{379A3E1B-9808-445A-98B0-63F7DA826BD7}.Debug|Any CPU.ActiveCfg = Debug|Any CPU
		{379A3E1B-9808-445A-98B0-63F7DA826BD7}.Debug|Any CPU.Build.0 = Debug|Any CPU
		{379A3E1B-9808-445A-98B0-63F7DA826BD7}.Debug|Mixed Platforms.ActiveCfg = Debug|Any CPU
		{379A3E1B-9808-445A-98B0-63F7DA826BD7}.Debug|Mixed Platforms.Build.0 = Debug|Any CPU
		{379A3E1B-9808-445A-98B0-63F7DA826BD7}.Debug|x86.ActiveCfg = Debug|Any CPU
		{379A3E1B-9808-445A-98B0-63F7DA826BD7}.Debug|x86.Build.0 = Debug|Any CPU
		{379A3E1B-9808-445A-98B0-63F7DA826BD7}.Release|Any CPU.ActiveCfg = Release|Any CPU
		{379A3E1B-9808-445A-98B0-63F7DA826BD7}.Release|Any CPU.Build.0 = Release|Any CPU
		{379A3E1B-9808-445A-98B0-63F7DA826BD7}.Release|Mixed Platforms.ActiveCfg = Release|Any CPU
		{379A3E1B-9808-445A-98B0-63F7DA826BD7}.Release|Mixed Platforms.Build.0 = Release|Any CPU
		{379A3E1B-9808-445A-98B0-63F7DA826BD7}.Release|x86.ActiveCfg = Release|Any CPU
		{379A3E1B-9808-445A-98B0-63F7DA826BD7}.Release|x86.Build.0 = Release|Any CPU
		{21A47B86-4BE0-44B0-A3EE-A22AC7492D70}.Debug|Any CPU.ActiveCfg = Debug|Any CPU
		{21A47B86-4BE0-44B0-A3EE-A22AC7492D70}.Debug|Any CPU.Build.0 = Debug|Any CPU
		{21A47B86-4BE0-44B0-A3EE-A22AC7492D70}.Debug|Mixed Platforms.ActiveCfg = Debug|Any CPU
		{21A47B86-4BE0-44B0-A3EE-A22AC7492D70}.Debug|Mixed Platforms.Build.0 = Debug|Any CPU
		{21A47B86-4BE0-44B0-A3EE-A22AC7492D70}.Debug|x86.ActiveCfg = Debug|Any CPU
		{21A47B86-4BE0-44B0-A3EE-A22AC7492D70}.Debug|x86.Build.0 = Debug|Any CPU
		{21A47B86-4BE0-44B0-A3EE-A22AC7492D70}.Release|Any CPU.ActiveCfg = Release|Any CPU
		{21A47B86-4BE0-44B0-A3EE-A22AC7492D70}.Release|Any CPU.Build.0 = Release|Any CPU
		{21A47B86-4BE0-44B0-A3EE-A22AC7492D70}.Release|Mixed Platforms.ActiveCfg = Release|Any CPU
		{21A47B86-4BE0-44B0-A3EE-A22AC7492D70}.Release|Mixed Platforms.Build.0 = Release|Any CPU
		{21A47B86-4BE0-44B0-A3EE-A22AC7492D70}.Release|x86.ActiveCfg = Release|Any CPU
		{21A47B86-4BE0-44B0-A3EE-A22AC7492D70}.Release|x86.Build.0 = Release|Any CPU
		{0BED01D2-D8C8-439D-9EB4-D238FC51B978}.Debug|Any CPU.ActiveCfg = Debug|Any CPU
		{0BED01D2-D8C8-439D-9EB4-D238FC51B978}.Debug|Any CPU.Build.0 = Debug|Any CPU
		{0BED01D2-D8C8-439D-9EB4-D238FC51B978}.Debug|Mixed Platforms.ActiveCfg = Debug|Any CPU
		{0BED01D2-D8C8-439D-9EB4-D238FC51B978}.Debug|Mixed Platforms.Build.0 = Debug|Any CPU
		{0BED01D2-D8C8-439D-9EB4-D238FC51B978}.Debug|x86.ActiveCfg = Debug|Any CPU
		{0BED01D2-D8C8-439D-9EB4-D238FC51B978}.Debug|x86.Build.0 = Debug|Any CPU
		{0BED01D2-D8C8-439D-9EB4-D238FC51B978}.Release|Any CPU.ActiveCfg = Release|Any CPU
		{0BED01D2-D8C8-439D-9EB4-D238FC51B978}.Release|Any CPU.Build.0 = Release|Any CPU
		{0BED01D2-D8C8-439D-9EB4-D238FC51B978}.Release|Mixed Platforms.ActiveCfg = Release|Any CPU
		{0BED01D2-D8C8-439D-9EB4-D238FC51B978}.Release|Mixed Platforms.Build.0 = Release|Any CPU
		{0BED01D2-D8C8-439D-9EB4-D238FC51B978}.Release|x86.ActiveCfg = Release|Any CPU
		{0BED01D2-D8C8-439D-9EB4-D238FC51B978}.Release|x86.Build.0 = Release|Any CPU
		{3DFA9187-4180-4EFF-9936-F5EC662D3CF8}.Debug|Any CPU.ActiveCfg = Debug|Any CPU
		{3DFA9187-4180-4EFF-9936-F5EC662D3CF8}.Debug|Any CPU.Build.0 = Debug|Any CPU
		{3DFA9187-4180-4EFF-9936-F5EC662D3CF8}.Debug|Mixed Platforms.ActiveCfg = Debug|Any CPU
		{3DFA9187-4180-4EFF-9936-F5EC662D3CF8}.Debug|Mixed Platforms.Build.0 = Debug|Any CPU
		{3DFA9187-4180-4EFF-9936-F5EC662D3CF8}.Debug|x86.ActiveCfg = Debug|Any CPU
		{3DFA9187-4180-4EFF-9936-F5EC662D3CF8}.Debug|x86.Build.0 = Debug|Any CPU
		{3DFA9187-4180-4EFF-9936-F5EC662D3CF8}.Release|Any CPU.ActiveCfg = Release|Any CPU
		{3DFA9187-4180-4EFF-9936-F5EC662D3CF8}.Release|Any CPU.Build.0 = Release|Any CPU
		{3DFA9187-4180-4EFF-9936-F5EC662D3CF8}.Release|Mixed Platforms.ActiveCfg = Release|Any CPU
		{3DFA9187-4180-4EFF-9936-F5EC662D3CF8}.Release|Mixed Platforms.Build.0 = Release|Any CPU
		{3DFA9187-4180-4EFF-9936-F5EC662D3CF8}.Release|x86.ActiveCfg = Release|Any CPU
		{3DFA9187-4180-4EFF-9936-F5EC662D3CF8}.Release|x86.Build.0 = Release|Any CPU
		{6F706DDC-3EC2-4776-B47F-DA1625DA7993}.Debug|Any CPU.ActiveCfg = Debug|Any CPU
		{6F706DDC-3EC2-4776-B47F-DA1625DA7993}.Debug|Any CPU.Build.0 = Debug|Any CPU
		{6F706DDC-3EC2-4776-B47F-DA1625DA7993}.Debug|Mixed Platforms.ActiveCfg = Debug|Any CPU
		{6F706DDC-3EC2-4776-B47F-DA1625DA7993}.Debug|Mixed Platforms.Build.0 = Debug|Any CPU
		{6F706DDC-3EC2-4776-B47F-DA1625DA7993}.Debug|x86.ActiveCfg = Debug|Any CPU
		{6F706DDC-3EC2-4776-B47F-DA1625DA7993}.Debug|x86.Build.0 = Debug|Any CPU
		{6F706DDC-3EC2-4776-B47F-DA1625DA7993}.Release|Any CPU.ActiveCfg = Release|Any CPU
		{6F706DDC-3EC2-4776-B47F-DA1625DA7993}.Release|Any CPU.Build.0 = Release|Any CPU
		{6F706DDC-3EC2-4776-B47F-DA1625DA7993}.Release|Mixed Platforms.ActiveCfg = Release|Any CPU
		{6F706DDC-3EC2-4776-B47F-DA1625DA7993}.Release|Mixed Platforms.Build.0 = Release|Any CPU
		{6F706DDC-3EC2-4776-B47F-DA1625DA7993}.Release|x86.ActiveCfg = Release|Any CPU
		{6F706DDC-3EC2-4776-B47F-DA1625DA7993}.Release|x86.Build.0 = Release|Any CPU
		{3B90BBED-A921-4B70-AB4D-C5C898C75C03}.Debug|Any CPU.ActiveCfg = Debug|Any CPU
		{3B90BBED-A921-4B70-AB4D-C5C898C75C03}.Debug|Any CPU.Build.0 = Debug|Any CPU
		{3B90BBED-A921-4B70-AB4D-C5C898C75C03}.Debug|Mixed Platforms.ActiveCfg = Debug|Any CPU
		{3B90BBED-A921-4B70-AB4D-C5C898C75C03}.Debug|Mixed Platforms.Build.0 = Debug|Any CPU
		{3B90BBED-A921-4B70-AB4D-C5C898C75C03}.Debug|x86.ActiveCfg = Debug|Any CPU
		{3B90BBED-A921-4B70-AB4D-C5C898C75C03}.Debug|x86.Build.0 = Debug|Any CPU
		{3B90BBED-A921-4B70-AB4D-C5C898C75C03}.Release|Any CPU.ActiveCfg = Release|Any CPU
		{3B90BBED-A921-4B70-AB4D-C5C898C75C03}.Release|Any CPU.Build.0 = Release|Any CPU
		{3B90BBED-A921-4B70-AB4D-C5C898C75C03}.Release|Mixed Platforms.ActiveCfg = Release|Any CPU
		{3B90BBED-A921-4B70-AB4D-C5C898C75C03}.Release|Mixed Platforms.Build.0 = Release|Any CPU
		{3B90BBED-A921-4B70-AB4D-C5C898C75C03}.Release|x86.ActiveCfg = Release|Any CPU
		{3B90BBED-A921-4B70-AB4D-C5C898C75C03}.Release|x86.Build.0 = Release|Any CPU
		{24FF969A-8646-4529-9196-8B6B310B37E7}.Debug|Any CPU.ActiveCfg = Debug|Any CPU
		{24FF969A-8646-4529-9196-8B6B310B37E7}.Debug|Any CPU.Build.0 = Debug|Any CPU
		{24FF969A-8646-4529-9196-8B6B310B37E7}.Debug|Mixed Platforms.ActiveCfg = Debug|Any CPU
		{24FF969A-8646-4529-9196-8B6B310B37E7}.Debug|Mixed Platforms.Build.0 = Debug|Any CPU
		{24FF969A-8646-4529-9196-8B6B310B37E7}.Debug|x86.ActiveCfg = Debug|Any CPU
		{24FF969A-8646-4529-9196-8B6B310B37E7}.Debug|x86.Build.0 = Debug|Any CPU
		{24FF969A-8646-4529-9196-8B6B310B37E7}.Release|Any CPU.ActiveCfg = Release|Any CPU
		{24FF969A-8646-4529-9196-8B6B310B37E7}.Release|Any CPU.Build.0 = Release|Any CPU
		{24FF969A-8646-4529-9196-8B6B310B37E7}.Release|Mixed Platforms.ActiveCfg = Release|Any CPU
		{24FF969A-8646-4529-9196-8B6B310B37E7}.Release|Mixed Platforms.Build.0 = Release|Any CPU
		{24FF969A-8646-4529-9196-8B6B310B37E7}.Release|x86.ActiveCfg = Release|Any CPU
		{24FF969A-8646-4529-9196-8B6B310B37E7}.Release|x86.Build.0 = Release|Any CPU
		{5061DF99-48E9-42A2-8F6F-F4ECAD43C22B}.Debug|Any CPU.ActiveCfg = Debug|Any CPU
		{5061DF99-48E9-42A2-8F6F-F4ECAD43C22B}.Debug|Any CPU.Build.0 = Debug|Any CPU
		{5061DF99-48E9-42A2-8F6F-F4ECAD43C22B}.Debug|Mixed Platforms.ActiveCfg = Debug|Any CPU
		{5061DF99-48E9-42A2-8F6F-F4ECAD43C22B}.Debug|Mixed Platforms.Build.0 = Debug|Any CPU
		{5061DF99-48E9-42A2-8F6F-F4ECAD43C22B}.Debug|x86.ActiveCfg = Debug|Any CPU
		{5061DF99-48E9-42A2-8F6F-F4ECAD43C22B}.Debug|x86.Build.0 = Debug|Any CPU
		{5061DF99-48E9-42A2-8F6F-F4ECAD43C22B}.Release|Any CPU.ActiveCfg = Release|Any CPU
		{5061DF99-48E9-42A2-8F6F-F4ECAD43C22B}.Release|Any CPU.Build.0 = Release|Any CPU
		{5061DF99-48E9-42A2-8F6F-F4ECAD43C22B}.Release|Mixed Platforms.ActiveCfg = Release|Any CPU
		{5061DF99-48E9-42A2-8F6F-F4ECAD43C22B}.Release|Mixed Platforms.Build.0 = Release|Any CPU
		{5061DF99-48E9-42A2-8F6F-F4ECAD43C22B}.Release|x86.ActiveCfg = Release|Any CPU
		{5061DF99-48E9-42A2-8F6F-F4ECAD43C22B}.Release|x86.Build.0 = Release|Any CPU
	EndGlobalSection
	GlobalSection(SolutionProperties) = preSolution
		HideSolutionNode = FALSE
	EndGlobalSection
	GlobalSection(NestedProjects) = preSolution
		{0BED01D2-D8C8-439D-9EB4-D238FC51B978} = {8F884F18-B6AF-480B-B08A-F84ED17AC7BD}
		{3DFA9187-4180-4EFF-9936-F5EC662D3CF8} = {52F7830E-2293-4FC2-8E01-43C6E941639C}
		{24FF969A-8646-4529-9196-8B6B310B37E7} = {8F884F18-B6AF-480B-B08A-F84ED17AC7BD}
		{5061DF99-48E9-42A2-8F6F-F4ECAD43C22B} = {52F7830E-2293-4FC2-8E01-43C6E941639C}
	EndGlobalSection
	GlobalSection(ExtensibilityGlobals) = postSolution
		SolutionGuid = {BB9B36AF-43C4-4AB1-976D-876509520F49}
	EndGlobalSection
EndGlobal
