
Microsoft Visual Studio Solution File, Format Version 12.00
# Visual Studio 2012
Project("{FAE04EC0-301F-11D3-BF4B-00C04F79EFBC}") = "MonoKle", "MonoKle\MonoKle.csproj", "{34AFE7B2-73E7-4417-B677-3CCD65F2C3FD}"
EndProject
Project("{FAE04EC0-301F-11D3-BF4B-00C04F79EFBC}") = "WindowsDemo", "WindowsDemo\WindowsDemo.csproj", "{6F0EED8A-A072-4A36-8241-6B3E62ADA82C}"
EndProject
Global
	GlobalSection(SolutionConfigurationPlatforms) = preSolution
		Debug|x86 = Debug|x86
		Release|x86 = Release|x86
	EndGlobalSection
	GlobalSection(ProjectConfigurationPlatforms) = postSolution
		{34AFE7B2-73E7-4417-B677-3CCD65F2C3FD}.Debug|x86.ActiveCfg = Debug|x86
		{34AFE7B2-73E7-4417-B677-3CCD65F2C3FD}.Debug|x86.Build.0 = Debug|x86
		{34AFE7B2-73E7-4417-B677-3CCD65F2C3FD}.Release|x86.ActiveCfg = Release|x86
		{34AFE7B2-73E7-4417-B677-3CCD65F2C3FD}.Release|x86.Build.0 = Release|x86
		{6F0EED8A-A072-4A36-8241-6B3E62ADA82C}.Debug|x86.ActiveCfg = Debug|x86
		{6F0EED8A-A072-4A36-8241-6B3E62ADA82C}.Debug|x86.Build.0 = Debug|x86
		{6F0EED8A-A072-4A36-8241-6B3E62ADA82C}.Release|x86.ActiveCfg = Release|x86
		{6F0EED8A-A072-4A36-8241-6B3E62ADA82C}.Release|x86.Build.0 = Release|x86
	EndGlobalSection
	GlobalSection(SolutionProperties) = preSolution
		HideSolutionNode = FALSE
	EndGlobalSection
EndGlobal
